// !$*UTF8*$!
{
	archiveVersion = 1;
	classes = {
	};
	objectVersion = 51;
	objects = {

/* Begin PBXBuildFile section */
		824B5FF5EFB80BCFE241117B /* Pods_PerfectDay.framework in Frameworks */ = {isa = PBXBuildFile; fileRef = 37BDEB1325EA14C237C54CB4 /* Pods_PerfectDay.framework */; };
		C4333158282D412400B85424 /* CalendarView.storyboard in Resources */ = {isa = PBXBuildFile; fileRef = C4333157282D412400B85424 /* CalendarView.storyboard */; };
		C433315C282D42CB00B85424 /* CalendarVC.swift in Sources */ = {isa = PBXBuildFile; fileRef = C433315B282D42CB00B85424 /* CalendarVC.swift */; };
		D49E1AD7281FD0D3004EE08F /* AppDelegate.swift in Sources */ = {isa = PBXBuildFile; fileRef = D49E1AD6281FD0D3004EE08F /* AppDelegate.swift */; };
		D49E1AD9281FD0D3004EE08F /* SceneDelegate.swift in Sources */ = {isa = PBXBuildFile; fileRef = D49E1AD8281FD0D3004EE08F /* SceneDelegate.swift */; };
		D49E1ADB281FD0D3004EE08F /* ViewController.swift in Sources */ = {isa = PBXBuildFile; fileRef = D49E1ADA281FD0D3004EE08F /* ViewController.swift */; };
		D49E1ADE281FD0D3004EE08F /* Main.storyboard in Resources */ = {isa = PBXBuildFile; fileRef = D49E1ADC281FD0D3004EE08F /* Main.storyboard */; };
		D49E1AE1281FD0D3004EE08F /* PerfectDay.xcdatamodeld in Sources */ = {isa = PBXBuildFile; fileRef = D49E1ADF281FD0D3004EE08F /* PerfectDay.xcdatamodeld */; };
		D49E1AE3281FD0D5004EE08F /* Assets.xcassets in Resources */ = {isa = PBXBuildFile; fileRef = D49E1AE2281FD0D5004EE08F /* Assets.xcassets */; };
		D49E1AE6281FD0D5004EE08F /* LaunchScreen.storyboard in Resources */ = {isa = PBXBuildFile; fileRef = D49E1AE4281FD0D5004EE08F /* LaunchScreen.storyboard */; };
/* End PBXBuildFile section */

/* Begin PBXFileReference section */
		01AA816EBB8B49FEDF5A474D /* Pods-PerfectDay.release.xcconfig */ = {isa = PBXFileReference; includeInIndex = 1; lastKnownFileType = text.xcconfig; name = "Pods-PerfectDay.release.xcconfig"; path = "Target Support Files/Pods-PerfectDay/Pods-PerfectDay.release.xcconfig"; sourceTree = "<group>"; };
		37BDEB1325EA14C237C54CB4 /* Pods_PerfectDay.framework */ = {isa = PBXFileReference; explicitFileType = wrapper.framework; includeInIndex = 0; path = Pods_PerfectDay.framework; sourceTree = BUILT_PRODUCTS_DIR; };
		B2314E0A08293A8BA01C4B8B /* Pods-PerfectDay.debug.xcconfig */ = {isa = PBXFileReference; includeInIndex = 1; lastKnownFileType = text.xcconfig; name = "Pods-PerfectDay.debug.xcconfig"; path = "Target Support Files/Pods-PerfectDay/Pods-PerfectDay.debug.xcconfig"; sourceTree = "<group>"; };
		C4333157282D412400B85424 /* CalendarView.storyboard */ = {isa = PBXFileReference; lastKnownFileType = file.storyboard; path = CalendarView.storyboard; sourceTree = "<group>"; };
		C433315B282D42CB00B85424 /* CalendarVC.swift */ = {isa = PBXFileReference; lastKnownFileType = sourcecode.swift; path = CalendarVC.swift; sourceTree = "<group>"; };
		D49E1AD3281FD0D3004EE08F /* PerfectDay.app */ = {isa = PBXFileReference; explicitFileType = wrapper.application; includeInIndex = 0; path = PerfectDay.app; sourceTree = BUILT_PRODUCTS_DIR; };
		D49E1AD6281FD0D3004EE08F /* AppDelegate.swift */ = {isa = PBXFileReference; lastKnownFileType = sourcecode.swift; path = AppDelegate.swift; sourceTree = "<group>"; };
		D49E1AD8281FD0D3004EE08F /* SceneDelegate.swift */ = {isa = PBXFileReference; lastKnownFileType = sourcecode.swift; path = SceneDelegate.swift; sourceTree = "<group>"; };
		D49E1ADA281FD0D3004EE08F /* ViewController.swift */ = {isa = PBXFileReference; lastKnownFileType = sourcecode.swift; path = ViewController.swift; sourceTree = "<group>"; };
		D49E1ADD281FD0D3004EE08F /* Base */ = {isa = PBXFileReference; lastKnownFileType = file.storyboard; name = Base; path = Base.lproj/Main.storyboard; sourceTree = "<group>"; };
		D49E1AE0281FD0D3004EE08F /* PerfectDay.xcdatamodel */ = {isa = PBXFileReference; lastKnownFileType = wrapper.xcdatamodel; path = PerfectDay.xcdatamodel; sourceTree = "<group>"; };
		D49E1AE2281FD0D5004EE08F /* Assets.xcassets */ = {isa = PBXFileReference; lastKnownFileType = folder.assetcatalog; path = Assets.xcassets; sourceTree = "<group>"; };
		D49E1AE5281FD0D5004EE08F /* Base */ = {isa = PBXFileReference; lastKnownFileType = file.storyboard; name = Base; path = Base.lproj/LaunchScreen.storyboard; sourceTree = "<group>"; };
		D49E1AE7281FD0D5004EE08F /* Info.plist */ = {isa = PBXFileReference; lastKnownFileType = text.plist.xml; path = Info.plist; sourceTree = "<group>"; };
/* End PBXFileReference section */

/* Begin PBXFrameworksBuildPhase section */
		D49E1AD0281FD0D3004EE08F /* Frameworks */ = {
			isa = PBXFrameworksBuildPhase;
			buildActionMask = 2147483647;
			files = (
				824B5FF5EFB80BCFE241117B /* Pods_PerfectDay.framework in Frameworks */,
			);
			runOnlyForDeploymentPostprocessing = 0;
		};
/* End PBXFrameworksBuildPhase section */

/* Begin PBXGroup section */
		47E60E4CF7F36BBE53E24417 /* Frameworks */ = {
			isa = PBXGroup;
			children = (
				37BDEB1325EA14C237C54CB4 /* Pods_PerfectDay.framework */,
			);
			name = Frameworks;
			sourceTree = "<group>";
		};
		7F79AB90B6832C81B8749213 /* Pods */ = {
			isa = PBXGroup;
			children = (
				B2314E0A08293A8BA01C4B8B /* Pods-PerfectDay.debug.xcconfig */,
				01AA816EBB8B49FEDF5A474D /* Pods-PerfectDay.release.xcconfig */,
			);
			path = Pods;
			sourceTree = "<group>";
		};
		D49E1ACA281FD0D3004EE08F = {
			isa = PBXGroup;
			children = (
				D49E1AD5281FD0D3004EE08F /* PerfectDay */,
				D49E1AD4281FD0D3004EE08F /* Products */,
				7F79AB90B6832C81B8749213 /* Pods */,
				47E60E4CF7F36BBE53E24417 /* Frameworks */,
			);
			sourceTree = "<group>";
		};
		D49E1AD4281FD0D3004EE08F /* Products */ = {
			isa = PBXGroup;
			children = (
				D49E1AD3281FD0D3004EE08F /* PerfectDay.app */,
			);
			name = Products;
			sourceTree = "<group>";
		};
		D49E1AD5281FD0D3004EE08F /* PerfectDay */ = {
			isa = PBXGroup;
			children = (
				D49E1AD6281FD0D3004EE08F /* AppDelegate.swift */,
				D49E1AD8281FD0D3004EE08F /* SceneDelegate.swift */,
				D49E1ADA281FD0D3004EE08F /* ViewController.swift */,
				D49E1ADC281FD0D3004EE08F /* Main.storyboard */,
				D49E1AE2281FD0D5004EE08F /* Assets.xcassets */,
				D49E1AE4281FD0D5004EE08F /* LaunchScreen.storyboard */,
				D49E1AE7281FD0D5004EE08F /* Info.plist */,
				D49E1ADF281FD0D3004EE08F /* PerfectDay.xcdatamodeld */,
				C4333157282D412400B85424 /* CalendarView.storyboard */,
				C433315B282D42CB00B85424 /* CalendarVC.swift */,
			);
			path = PerfectDay;
			sourceTree = "<group>";
		};
/* End PBXGroup section */

/* Begin PBXNativeTarget section */
		D49E1AD2281FD0D3004EE08F /* PerfectDay */ = {
			isa = PBXNativeTarget;
			buildConfigurationList = D49E1AEA281FD0D5004EE08F /* Build configuration list for PBXNativeTarget "PerfectDay" */;
			buildPhases = (
				558B53966E653725E91D7AA0 /* [CP] Check Pods Manifest.lock */,
				D49E1ACF281FD0D3004EE08F /* Sources */,
				D49E1AD0281FD0D3004EE08F /* Frameworks */,
				D49E1AD1281FD0D3004EE08F /* Resources */,
				3B9652983090D9E89DAF65D7 /* [CP] Embed Pods Frameworks */,
			);
			buildRules = (
			);
			dependencies = (
			);
			name = PerfectDay;
			productName = PerfectDay;
			productReference = D49E1AD3281FD0D3004EE08F /* PerfectDay.app */;
			productType = "com.apple.product-type.application";
		};
/* End PBXNativeTarget section */

/* Begin PBXProject section */
		D49E1ACB281FD0D3004EE08F /* Project object */ = {
			isa = PBXProject;
			attributes = {
				LastSwiftUpdateCheck = 1200;
				LastUpgradeCheck = 1200;
				TargetAttributes = {
					D49E1AD2281FD0D3004EE08F = {
						CreatedOnToolsVersion = 12.0;
					};
				};
			};
			buildConfigurationList = D49E1ACE281FD0D3004EE08F /* Build configuration list for PBXProject "PerfectDay" */;
			compatibilityVersion = "Xcode 9.3";
			developmentRegion = en;
			hasScannedForEncodings = 0;
			knownRegions = (
				en,
				Base,
			);
			mainGroup = D49E1ACA281FD0D3004EE08F;
			productRefGroup = D49E1AD4281FD0D3004EE08F /* Products */;
			projectDirPath = "";
			projectRoot = "";
			targets = (
				D49E1AD2281FD0D3004EE08F /* PerfectDay */,
			);
		};
/* End PBXProject section */

/* Begin PBXResourcesBuildPhase section */
		D49E1AD1281FD0D3004EE08F /* Resources */ = {
			isa = PBXResourcesBuildPhase;
			buildActionMask = 2147483647;
			files = (
				D49E1AE6281FD0D5004EE08F /* LaunchScreen.storyboard in Resources */,
				D49E1AE3281FD0D5004EE08F /* Assets.xcassets in Resources */,
				D49E1ADE281FD0D3004EE08F /* Main.storyboard in Resources */,
				C4333158282D412400B85424 /* CalendarView.storyboard in Resources */,
			);
			runOnlyForDeploymentPostprocessing = 0;
		};
/* End PBXResourcesBuildPhase section */

/* Begin PBXShellScriptBuildPhase section */
		3B9652983090D9E89DAF65D7 /* [CP] Embed Pods Frameworks */ = {
			isa = PBXShellScriptBuildPhase;
			buildActionMask = 2147483647;
			files = (
			);
			inputFileListPaths = (
				"${PODS_ROOT}/Target Support Files/Pods-PerfectDay/Pods-PerfectDay-frameworks-${CONFIGURATION}-input-files.xcfilelist",
			);
			name = "[CP] Embed Pods Frameworks";
			outputFileListPaths = (
				"${PODS_ROOT}/Target Support Files/Pods-PerfectDay/Pods-PerfectDay-frameworks-${CONFIGURATION}-output-files.xcfilelist",
			);
			runOnlyForDeploymentPostprocessing = 0;
			shellPath = /bin/sh;
			shellScript = "\"${PODS_ROOT}/Target Support Files/Pods-PerfectDay/Pods-PerfectDay-frameworks.sh\"\n";
			showEnvVarsInLog = 0;
		};
		558B53966E653725E91D7AA0 /* [CP] Check Pods Manifest.lock */ = {
			isa = PBXShellScriptBuildPhase;
			buildActionMask = 2147483647;
			files = (
			);
			inputFileListPaths = (
			);
			inputPaths = (
				"${PODS_PODFILE_DIR_PATH}/Podfile.lock",
				"${PODS_ROOT}/Manifest.lock",
			);
			name = "[CP] Check Pods Manifest.lock";
			outputFileListPaths = (
			);
			outputPaths = (
				"$(DERIVED_FILE_DIR)/Pods-PerfectDay-checkManifestLockResult.txt",
			);
			runOnlyForDeploymentPostprocessing = 0;
			shellPath = /bin/sh;
			shellScript = "diff \"${PODS_PODFILE_DIR_PATH}/Podfile.lock\" \"${PODS_ROOT}/Manifest.lock\" > /dev/null\nif [ $? != 0 ] ; then\n    # print error to STDERR\n    echo \"error: The sandbox is not in sync with the Podfile.lock. Run 'pod install' or update your CocoaPods installation.\" >&2\n    exit 1\nfi\n# This output is used by Xcode 'outputs' to avoid re-running this script phase.\necho \"SUCCESS\" > \"${SCRIPT_OUTPUT_FILE_0}\"\n";
			showEnvVarsInLog = 0;
		};
/* End PBXShellScriptBuildPhase section */

/* Begin PBXSourcesBuildPhase section */
		D49E1ACF281FD0D3004EE08F /* Sources */ = {
			isa = PBXSourcesBuildPhase;
			buildActionMask = 2147483647;
			files = (
				C433315C282D42CB00B85424 /* CalendarVC.swift in Sources */,
				D49E1ADB281FD0D3004EE08F /* ViewController.swift in Sources */,
				D49E1AD7281FD0D3004EE08F /* AppDelegate.swift in Sources */,
				D49E1AE1281FD0D3004EE08F /* PerfectDay.xcdatamodeld in Sources */,
				D49E1AD9281FD0D3004EE08F /* SceneDelegate.swift in Sources */,
			);
			runOnlyForDeploymentPostprocessing = 0;
		};
/* End PBXSourcesBuildPhase section */

/* Begin PBXVariantGroup section */
		D49E1ADC281FD0D3004EE08F /* Main.storyboard */ = {
			isa = PBXVariantGroup;
			children = (
				D49E1ADD281FD0D3004EE08F /* Base */,
			);
			name = Main.storyboard;
			sourceTree = "<group>";
		};
		D49E1AE4281FD0D5004EE08F /* LaunchScreen.storyboard */ = {
			isa = PBXVariantGroup;
			children = (
				D49E1AE5281FD0D5004EE08F /* Base */,
			);
			name = LaunchScreen.storyboard;
			sourceTree = "<group>";
		};
/* End PBXVariantGroup section */

/* Begin XCBuildConfiguration section */
		D49E1AE8281FD0D5004EE08F /* Debug */ = {
			isa = XCBuildConfiguration;
			buildSettings = {
				ALWAYS_SEARCH_USER_PATHS = NO;
				CLANG_ANALYZER_NONNULL = YES;
				CLANG_ANALYZER_NUMBER_OBJECT_CONVERSION = YES_AGGRESSIVE;
				CLANG_CXX_LANGUAGE_STANDARD = "gnu++14";
				CLANG_CXX_LIBRARY = "libc++";
				CLANG_ENABLE_MODULES = YES;
				CLANG_ENABLE_OBJC_ARC = YES;
				CLANG_ENABLE_OBJC_WEAK = YES;
				CLANG_WARN_BLOCK_CAPTURE_AUTORELEASING = YES;
				CLANG_WARN_BOOL_CONVERSION = YES;
				CLANG_WARN_COMMA = YES;
				CLANG_WARN_CONSTANT_CONVERSION = YES;
				CLANG_WARN_DEPRECATED_OBJC_IMPLEMENTATIONS = YES;
				CLANG_WARN_DIRECT_OBJC_ISA_USAGE = YES_ERROR;
				CLANG_WARN_DOCUMENTATION_COMMENTS = YES;
				CLANG_WARN_EMPTY_BODY = YES;
				CLANG_WARN_ENUM_CONVERSION = YES;
				CLANG_WARN_INFINITE_RECURSION = YES;
				CLANG_WARN_INT_CONVERSION = YES;
				CLANG_WARN_NON_LITERAL_NULL_CONVERSION = YES;
				CLANG_WARN_OBJC_IMPLICIT_RETAIN_SELF = YES;
				CLANG_WARN_OBJC_LITERAL_CONVERSION = YES;
				CLANG_WARN_OBJC_ROOT_CLASS = YES_ERROR;
				CLANG_WARN_QUOTED_INCLUDE_IN_FRAMEWORK_HEADER = YES;
				CLANG_WARN_RANGE_LOOP_ANALYSIS = YES;
				CLANG_WARN_STRICT_PROTOTYPES = YES;
				CLANG_WARN_SUSPICIOUS_MOVE = YES;
				CLANG_WARN_UNGUARDED_AVAILABILITY = YES_AGGRESSIVE;
				CLANG_WARN_UNREACHABLE_CODE = YES;
				CLANG_WARN__DUPLICATE_METHOD_MATCH = YES;
				COPY_PHASE_STRIP = NO;
				DEBUG_INFORMATION_FORMAT = dwarf;
				ENABLE_STRICT_OBJC_MSGSEND = YES;
				ENABLE_TESTABILITY = YES;
				GCC_C_LANGUAGE_STANDARD = gnu11;
				GCC_DYNAMIC_NO_PIC = NO;
				GCC_NO_COMMON_BLOCKS = YES;
				GCC_OPTIMIZATION_LEVEL = 0;
				GCC_PREPROCESSOR_DEFINITIONS = (
					"DEBUG=1",
					"$(inherited)",
				);
				GCC_WARN_64_TO_32_BIT_CONVERSION = YES;
				GCC_WARN_ABOUT_RETURN_TYPE = YES_ERROR;
				GCC_WARN_UNDECLARED_SELECTOR = YES;
				GCC_WARN_UNINITIALIZED_AUTOS = YES_AGGRESSIVE;
				GCC_WARN_UNUSED_FUNCTION = YES;
				GCC_WARN_UNUSED_VARIABLE = YES;
				IPHONEOS_DEPLOYMENT_TARGET = 14.0;
				MTL_ENABLE_DEBUG_INFO = INCLUDE_SOURCE;
				MTL_FAST_MATH = YES;
				ONLY_ACTIVE_ARCH = YES;
				SDKROOT = iphoneos;
				SWIFT_ACTIVE_COMPILATION_CONDITIONS = DEBUG;
				SWIFT_OPTIMIZATION_LEVEL = "-Onone";
			};
			name = Debug;
		};
		D49E1AE9281FD0D5004EE08F /* Release */ = {
			isa = XCBuildConfiguration;
			buildSettings = {
				ALWAYS_SEARCH_USER_PATHS = NO;
				CLANG_ANALYZER_NONNULL = YES;
				CLANG_ANALYZER_NUMBER_OBJECT_CONVERSION = YES_AGGRESSIVE;
				CLANG_CXX_LANGUAGE_STANDARD = "gnu++14";
				CLANG_CXX_LIBRARY = "libc++";
				CLANG_ENABLE_MODULES = YES;
				CLANG_ENABLE_OBJC_ARC = YES;
				CLANG_ENABLE_OBJC_WEAK = YES;
				CLANG_WARN_BLOCK_CAPTURE_AUTORELEASING = YES;
				CLANG_WARN_BOOL_CONVERSION = YES;
				CLANG_WARN_COMMA = YES;
				CLANG_WARN_CONSTANT_CONVERSION = YES;
				CLANG_WARN_DEPRECATED_OBJC_IMPLEMENTATIONS = YES;
				CLANG_WARN_DIRECT_OBJC_ISA_USAGE = YES_ERROR;
				CLANG_WARN_DOCUMENTATION_COMMENTS = YES;
				CLANG_WARN_EMPTY_BODY = YES;
				CLANG_WARN_ENUM_CONVERSION = YES;
				CLANG_WARN_INFINITE_RECURSION = YES;
				CLANG_WARN_INT_CONVERSION = YES;
				CLANG_WARN_NON_LITERAL_NULL_CONVERSION = YES;
				CLANG_WARN_OBJC_IMPLICIT_RETAIN_SELF = YES;
				CLANG_WARN_OBJC_LITERAL_CONVERSION = YES;
				CLANG_WARN_OBJC_ROOT_CLASS = YES_ERROR;
				CLANG_WARN_QUOTED_INCLUDE_IN_FRAMEWORK_HEADER = YES;
				CLANG_WARN_RANGE_LOOP_ANALYSIS = YES;
				CLANG_WARN_STRICT_PROTOTYPES = YES;
				CLANG_WARN_SUSPICIOUS_MOVE = YES;
				CLANG_WARN_UNGUARDED_AVAILABILITY = YES_AGGRESSIVE;
				CLANG_WARN_UNREACHABLE_CODE = YES;
				CLANG_WARN__DUPLICATE_METHOD_MATCH = YES;
				COPY_PHASE_STRIP = NO;
				DEBUG_INFORMATION_FORMAT = "dwarf-with-dsym";
				ENABLE_NS_ASSERTIONS = NO;
				ENABLE_STRICT_OBJC_MSGSEND = YES;
				GCC_C_LANGUAGE_STANDARD = gnu11;
				GCC_NO_COMMON_BLOCKS = YES;
				GCC_WARN_64_TO_32_BIT_CONVERSION = YES;
				GCC_WARN_ABOUT_RETURN_TYPE = YES_ERROR;
				GCC_WARN_UNDECLARED_SELECTOR = YES;
				GCC_WARN_UNINITIALIZED_AUTOS = YES_AGGRESSIVE;
				GCC_WARN_UNUSED_FUNCTION = YES;
				GCC_WARN_UNUSED_VARIABLE = YES;
				IPHONEOS_DEPLOYMENT_TARGET = 14.0;
				MTL_ENABLE_DEBUG_INFO = NO;
				MTL_FAST_MATH = YES;
				SDKROOT = iphoneos;
				SWIFT_COMPILATION_MODE = wholemodule;
				SWIFT_OPTIMIZATION_LEVEL = "-O";
				VALIDATE_PRODUCT = YES;
			};
			name = Release;
		};
		D49E1AEB281FD0D5004EE08F /* Debug */ = {
			isa = XCBuildConfiguration;
			baseConfigurationReference = B2314E0A08293A8BA01C4B8B /* Pods-PerfectDay.debug.xcconfig */;
			buildSettings = {
				ASSETCATALOG_COMPILER_APPICON_NAME = AppIcon;
				ASSETCATALOG_COMPILER_GLOBAL_ACCENT_COLOR_NAME = AccentColor;
				CODE_SIGN_STYLE = Automatic;
				INFOPLIST_FILE = PerfectDay/Info.plist;
				LD_RUNPATH_SEARCH_PATHS = (
					"$(inherited)",
					"@executable_path/Frameworks",
				);
				PRODUCT_BUNDLE_IDENTIFIER = kr.ac.induk.hmw.PerfectDay;
				PRODUCT_NAME = "$(TARGET_NAME)";
				SWIFT_VERSION = 5.0;
				TARGETED_DEVICE_FAMILY = "1,2";
			};
			name = Debug;
		};
		D49E1AEC281FD0D5004EE08F /* Release */ = {
			isa = XCBuildConfiguration;
			baseConfigurationReference = 01AA816EBB8B49FEDF5A474D /* Pods-PerfectDay.release.xcconfig */;
			buildSettings = {
				ASSETCATALOG_COMPILER_APPICON_NAME = AppIcon;
				ASSETCATALOG_COMPILER_GLOBAL_ACCENT_COLOR_NAME = AccentColor;
				CODE_SIGN_STYLE = Automatic;
				INFOPLIST_FILE = PerfectDay/Info.plist;
				LD_RUNPATH_SEARCH_PATHS = (
					"$(inherited)",
					"@executable_path/Frameworks",
				);
				PRODUCT_BUNDLE_IDENTIFIER = kr.ac.induk.hmw.PerfectDay;
				PRODUCT_NAME = "$(TARGET_NAME)";
				SWIFT_VERSION = 5.0;
				TARGETED_DEVICE_FAMILY = "1,2";
			};
			name = Release;
		};
/* End XCBuildConfiguration section */

/* Begin XCConfigurationList section */
		D49E1ACE281FD0D3004EE08F /* Build configuration list for PBXProject "PerfectDay" */ = {
			isa = XCConfigurationList;
			buildConfigurations = (
				D49E1AE8281FD0D5004EE08F /* Debug */,
				D49E1AE9281FD0D5004EE08F /* Release */,
			);
			defaultConfigurationIsVisible = 0;
			defaultConfigurationName = Release;
		};
		D49E1AEA281FD0D5004EE08F /* Build configuration list for PBXNativeTarget "PerfectDay" */ = {
			isa = XCConfigurationList;
			buildConfigurations = (
				D49E1AEB281FD0D5004EE08F /* Debug */,
				D49E1AEC281FD0D5004EE08F /* Release */,
			);
			defaultConfigurationIsVisible = 0;
			defaultConfigurationName = Release;
		};
/* End XCConfigurationList section */

/* Begin XCVersionGroup section */
		D49E1ADF281FD0D3004EE08F /* PerfectDay.xcdatamodeld */ = {
			isa = XCVersionGroup;
			children = (
				D49E1AE0281FD0D3004EE08F /* PerfectDay.xcdatamodel */,
			);
			currentVersion = D49E1AE0281FD0D3004EE08F /* PerfectDay.xcdatamodel */;
			path = PerfectDay.xcdatamodeld;
			sourceTree = "<group>";
			versionGroupType = wrapper.xcdatamodel;
		};
/* End XCVersionGroup section */
	};
	rootObject = D49E1ACB281FD0D3004EE08F /* Project object */;
}
